
Microsoft Visual Studio Solution File, Format Version 12.00
# Visual Studio Version 17
VisualStudioVersion = 17.4.33213.308
MinimumVisualStudioVersion = 10.0.40219.1
Project("{FAE04EC0-301F-11D3-BF4B-00C04F79EFBC}") = "Ecommarce", "Ecommarce\Ecommarce.csproj", "{EC7F325A-14E2-4560-A525-0909A84E330B}"
EndProject
Global
	GlobalSection(SolutionConfigurationPlatforms) = preSolution
		Debug|Any CPU = Debug|Any CPU
		Release|Any CPU = Release|Any CPU
	EndGlobalSection
	GlobalSection(ProjectConfigurationPlatforms) = postSolution
		{EC7F325A-14E2-4560-A525-0909A84E330B}.Debug|Any CPU.ActiveCfg = Debug|Any CPU
		{EC7F325A-14E2-4560-A525-0909A84E330B}.Debug|Any CPU.Build.0 = Debug|Any CPU
		{EC7F325A-14E2-4560-A525-0909A84E330B}.Release|Any CPU.ActiveCfg = Release|Any CPU
		{EC7F325A-14E2-4560-A525-0909A84E330B}.Release|Any CPU.Build.0 = Release|Any CPU
	EndGlobalSection
	GlobalSection(SolutionProperties) = preSolution
		HideSolutionNode = FALSE
	EndGlobalSection
	GlobalSection(ExtensibilityGlobals) = postSolution
		SolutionGuid = {ACB37B3F-3E3C-4C32-A4D9-B0D757BEA30E}
	EndGlobalSection
EndGlobal
